// !$*UTF8*$!
{
	archiveVersion = 1;
	classes = {
	};
	objectVersion = 77;
	objects = {

/* Begin PBXBuildFile section */
		5D4DEB6B301FB5EB008CFA80 /* AppDelegate.swift in Sources */ = {isa = PBXBuildFile; fileRef = 5D4DEB6A301FB5EB008CFA80 /* AppDelegate.swift */; };
		5D4DEB6D301FB5EB008CFA80 /* SceneDelegate.swift in Sources */ = {isa = PBXBuildFile; fileRef = 5D4DEB6C301FB5EB008CFA80 /* SceneDelegate.swift */; };
		5D4DEB70301FB5EC008CFA80 /* LaunchScreen.storyboard in Resources */ = {isa = PBXBuildFile; fileRef = 5D4DEB6E301FB5EB008CFA80 /* LaunchScreen.storyboard */; };
		5D4DEB73301FB5EC008CFA80 /* Main.storyboard in Resources */ = {isa = PBXBuildFile; fileRef = 5D4DEB71301FB5EC008CFA80 /* Main.storyboard */; };
		5D4DEB7C301FB5EC008CFA80 /* AppDelegate.swift in Sources */ = {isa = PBXBuildFile; fileRef = 5D4DEB7B301FB5EC008CFA80 /* AppDelegate.swift */; };
		5D4DEB7F301FB5EC008CFA80 /* Main.storyboard in Resources */ = {isa = PBXBuildFile; fileRef = 5D4DEB7D301FB5EC008CFA80 /* Main.storyboard */; };
		5D4DEB86301FB5EC008CFA80 /* Grocery Price Per Unit Extension.appex in Embed Foundation Extensions */ = {isa = PBXBuildFile; fileRef = 5D4DEB85301FB5EC008CFA80 /* Grocery Price Per Unit Extension.appex */; settings = {ATTRIBUTES = (RemoveHeadersOnCopy, ); }; };
		5D4DEB90301FB5EC008CFA80 /* Grocery Price Per Unit Extension.appex in Embed Foundation Extensions */ = {isa = PBXBuildFile; fileRef = 5D4DEB8F301FB5EC008CFA80 /* Grocery Price Per Unit Extension.appex */; settings = {ATTRIBUTES = (RemoveHeadersOnCopy, ); }; };
		5D4DEB95301FB5EC008CFA80 /* Main.html in Resources */ = {isa = PBXBuildFile; fileRef = 5D4DEB5A301FB5EB008CFA80 /* Main.html */; };
		5D4DEB96301FB5EC008CFA80 /* Main.html in Resources */ = {isa = PBXBuildFile; fileRef = 5D4DEB5A301FB5EB008CFA80 /* Main.html */; };
		5D4DEB97301FB5EC008CFA80 /* Icon.png in Resources */ = {isa = PBXBuildFile; fileRef = 5D4DEB5C301FB5EB008CFA80 /* Icon.png */; };
		5D4DEB98301FB5EC008CFA80 /* Icon.png in Resources */ = {isa = PBXBuildFile; fileRef = 5D4DEB5C301FB5EB008CFA80 /* Icon.png */; };
		5D4DEB99301FB5EC008CFA80 /* Style.css in Resources */ = {isa = PBXBuildFile; fileRef = 5D4DEB5D301FB5EB008CFA80 /* Style.css */; };
		5D4DEB9A301FB5EC008CFA80 /* Style.css in Resources */ = {isa = PBXBuildFile; fileRef = 5D4DEB5D301FB5EB008CFA80 /* Style.css */; };
		5D4DEB9B301FB5EC008CFA80 /* Script.js in Resources */ = {isa = PBXBuildFile; fileRef = 5D4DEB5E301FB5EB008CFA80 /* Script.js */; };
		5D4DEB9C301FB5EC008CFA80 /* Script.js in Resources */ = {isa = PBXBuildFile; fileRef = 5D4DEB5E301FB5EB008CFA80 /* Script.js */; };
		5D4DEB9D301FB5EC008CFA80 /* ViewController.swift in Sources */ = {isa = PBXBuildFile; fileRef = 5D4DEB5F301FB5EB008CFA80 /* ViewController.swift */; };
		5D4DEB9E301FB5EC008CFA80 /* ViewController.swift in Sources */ = {isa = PBXBuildFile; fileRef = 5D4DEB5F301FB5EB008CFA80 /* ViewController.swift */; };
		5D4DEB9F301FB5EC008CFA80 /* Assets.xcassets in Resources */ = {isa = PBXBuildFile; fileRef = 5D4DEB60301FB5EB008CFA80 /* Assets.xcassets */; };
		5D4DEBA0301FB5EC008CFA80 /* Assets.xcassets in Resources */ = {isa = PBXBuildFile; fileRef = 5D4DEB60301FB5EB008CFA80 /* Assets.xcassets */; };
		5D4DEBA1301FB5EC008CFA80 /* SafariWebExtensionHandler.swift in Sources */ = {isa = PBXBuildFile; fileRef = 5D4DEB62301FB5EB008CFA80 /* SafariWebExtensionHandler.swift */; };
		5D4DEBA2301FB5EC008CFA80 /* SafariWebExtensionHandler.swift in Sources */ = {isa = PBXBuildFile; fileRef = 5D4DEB62301FB5EB008CFA80 /* SafariWebExtensionHandler.swift */; };
		5D4DEBC2301FB5EC008CFA80 /* icon16.png in Resources */ = {isa = PBXBuildFile; fileRef = 5D4DEBB4301FB5EC008CFA80 /* icon16.png */; };
		5D4DEBC3301FB5EC008CFA80 /* walmart-content.js in Resources */ = {isa = PBXBuildFile; fileRef = 5D4DEBB5301FB5EC008CFA80 /* walmart-content.js */; };
		5D4DEBC4301FB5EC008CFA80 /* popup.js in Resources */ = {isa = PBXBuildFile; fileRef = 5D4DEBB6301FB5EC008CFA80 /* popup.js */; };
		5D4DEBC5301FB5EC008CFA80 /* popup.html in Resources */ = {isa = PBXBuildFile; fileRef = 5D4DEBB7301FB5EC008CFA80 /* popup.html */; };
		5D4DEBC6301FB5EC008CFA80 /* icon48.png in Resources */ = {isa = PBXBuildFile; fileRef = 5D4DEBB8301FB5EC008CFA80 /* icon48.png */; };
		5D4DEBC7301FB5EC008CFA80 /* icon128.png in Resources */ = {isa = PBXBuildFile; fileRef = 5D4DEBB9301FB5EC008CFA80 /* icon128.png */; };
		5D4DEBC8301FB5EC008CFA80 /* saveon-content.js in Resources */ = {isa = PBXBuildFile; fileRef = 5D4DEBBA301FB5EC008CFA80 /* saveon-content.js */; };
		5D4DEBC9301FB5EC008CFA80 /* loblaw-content.js in Resources */ = {isa = PBXBuildFile; fileRef = 5D4DEBBB301FB5EC008CFA80 /* loblaw-content.js */; };
		5D4DEBCA301FB5EC008CFA80 /* saveon-api-capture-main.js in Resources */ = {isa = PBXBuildFile; fileRef = 5D4DEBBC301FB5EC008CFA80 /* saveon-api-capture-main.js */; };
		5D4DEBCB301FB5EC008CFA80 /* loblaw-api-capture-main.js in Resources */ = {isa = PBXBuildFile; fileRef = 5D4DEBBD301FB5EC008CFA80 /* loblaw-api-capture-main.js */; };
		5D4DEBCC301FB5EC008CFA80 /* manifest.json in Resources */ = {isa = PBXBuildFile; fileRef = 5D4DEBBE301FB5EC008CFA80 /* manifest.json */; };
		5D4DEBCD301FB5EC008CFA80 /* popup.css in Resources */ = {isa = PBXBuildFile; fileRef = 5D4DEBBF301FB5EC008CFA80 /* popup.css */; };
		5D4DEBCE301FB5EC008CFA80 /* walmart-api-capture-main.js in Resources */ = {isa = PBXBuildFile; fileRef = 5D4DEBC0301FB5EC008CFA80 /* walmart-api-capture-main.js */; };
		5D4DEBCF301FB5EC008CFA80 /* walmart-sort.js in Resources */ = {isa = PBXBuildFile; fileRef = 5D4DEBC1301FB5EC008CFA80 /* walmart-sort.js */; };
		5D4DEBD0301FB5EC008CFA80 /* icon16.png in Resources */ = {isa = PBXBuildFile; fileRef = 5D4DEBB4301FB5EC008CFA80 /* icon16.png */; };
		5D4DEBD1301FB5EC008CFA80 /* walmart-content.js in Resources */ = {isa = PBXBuildFile; fileRef = 5D4DEBB5301FB5EC008CFA80 /* walmart-content.js */; };
		5D4DEBD2301FB5EC008CFA80 /* popup.js in Resources */ = {isa = PBXBuildFile; fileRef = 5D4DEBB6301FB5EC008CFA80 /* popup.js */; };
		5D4DEBD3301FB5EC008CFA80 /* popup.html in Resources */ = {isa = PBXBuildFile; fileRef = 5D4DEBB7301FB5EC008CFA80 /* popup.html */; };
		5D4DEBD4301FB5EC008CFA80 /* icon48.png in Resources */ = {isa = PBXBuildFile; fileRef = 5D4DEBB8301FB5EC008CFA80 /* icon48.png */; };
		5D4DEBD5301FB5EC008CFA80 /* icon128.png in Resources */ = {isa = PBXBuildFile; fileRef = 5D4DEBB9301FB5EC008CFA80 /* icon128.png */; };
		5D4DEBD6301FB5EC008CFA80 /* saveon-content.js in Resources */ = {isa = PBXBuildFile; fileRef = 5D4DEBBA301FB5EC008CFA80 /* saveon-content.js */; };
		5D4DEBD7301FB5EC008CFA80 /* loblaw-content.js in Resources */ = {isa = PBXBuildFile; fileRef = 5D4DEBBB301FB5EC008CFA80 /* loblaw-content.js */; };
		5D4DEBD8301FB5EC008CFA80 /* saveon-api-capture-main.js in Resources */ = {isa = PBXBuildFile; fileRef = 5D4DEBBC301FB5EC008CFA80 /* saveon-api-capture-main.js */; };
		5D4DEBD9301FB5EC008CFA80 /* loblaw-api-capture-main.js in Resources */ = {isa = PBXBuildFile; fileRef = 5D4DEBBD301FB5EC008CFA80 /* loblaw-api-capture-main.js */; };
		5D4DEBDA301FB5EC008CFA80 /* manifest.json in Resources */ = {isa = PBXBuildFile; fileRef = 5D4DEBBE301FB5EC008CFA80 /* manifest.json */; };
		5D4DEBDB301FB5EC008CFA80 /* popup.css in Resources */ = {isa = PBXBuildFile; fileRef = 5D4DEBBF301FB5EC008CFA80 /* popup.css */; };
		5D4DEBDC301FB5EC008CFA80 /* walmart-api-capture-main.js in Resources */ = {isa = PBXBuildFile; fileRef = 5D4DEBC0301FB5EC008CFA80 /* walmart-api-capture-main.js */; };
		5D4DEBDD301FB5EC008CFA80 /* walmart-sort.js in Resources */ = {isa = PBXBuildFile; fileRef = 5D4DEBC1301FB5EC008CFA80 /* walmart-sort.js */; };
/* End PBXBuildFile section */

/* Begin PBXContainerItemProxy section */
		5D4DEB87301FB5EC008CFA80 /* PBXContainerItemProxy */ = {
			isa = PBXContainerItemProxy;
			containerPortal = 5D4DEB54301FB5EA008CFA80 /* Project object */;
			proxyType = 1;
			remoteGlobalIDString = 5D4DEB84301FB5EC008CFA80;
			remoteInfo = "Grocery Price Per Unit Extension (iOS)";
		};
		5D4DEB91301FB5EC008CFA80 /* PBXContainerItemProxy */ = {
			isa = PBXContainerItemProxy;
			containerPortal = 5D4DEB54301FB5EA008CFA80 /* Project object */;
			proxyType = 1;
			remoteGlobalIDString = 5D4DEB8E301FB5EC008CFA80;
			remoteInfo = "Grocery Price Per Unit Extension (macOS)";
		};
/* End PBXContainerItemProxy section */

/* Begin PBXCopyFilesBuildPhase section */
		5D4DEBA8301FB5EC008CFA80 /* Embed Foundation Extensions */ = {
			isa = PBXCopyFilesBuildPhase;
			buildActionMask = 2147483647;
			dstPath = "";
			dstSubfolderSpec = 13;
			files = (
				5D4DEB86301FB5EC008CFA80 /* Grocery Price Per Unit Extension.appex in Embed Foundation Extensions */,
			);
			name = "Embed Foundation Extensions";
			runOnlyForDeploymentPostprocessing = 0;
		};
		5D4DEBAF301FB5EC008CFA80 /* Embed Foundation Extensions */ = {
			isa = PBXCopyFilesBuildPhase;
			buildActionMask = 2147483647;
			dstPath = "";
			dstSubfolderSpec = 13;
			files = (
				5D4DEB90301FB5EC008CFA80 /* Grocery Price Per Unit Extension.appex in Embed Foundation Extensions */,
			);
			name = "Embed Foundation Extensions";
			runOnlyForDeploymentPostprocessing = 0;
		};
/* End PBXCopyFilesBuildPhase section */

/* Begin PBXFileReference section */
		5D4DEB5B301FB5EB008CFA80 /* Base */ = {isa = PBXFileReference; lastKnownFileType = text.html; name = Base; path = Base.lproj/Main.html; sourceTree = "<group>"; };
		5D4DEB5C301FB5EB008CFA80 /* Icon.png */ = {isa = PBXFileReference; lastKnownFileType = image.png; path = Icon.png; sourceTree = "<group>"; };
		5D4DEB5D301FB5EB008CFA80 /* Style.css */ = {isa = PBXFileReference; lastKnownFileType = text.css; path = Style.css; sourceTree = "<group>"; };
		5D4DEB5E301FB5EB008CFA80 /* Script.js */ = {isa = PBXFileReference; lastKnownFileType = sourcecode.javascript; path = Script.js; sourceTree = "<group>"; };
		5D4DEB5F301FB5EB008CFA80 /* ViewController.swift */ = {isa = PBXFileReference; lastKnownFileType = sourcecode.swift; path = ViewController.swift; sourceTree = "<group>"; };
		5D4DEB60301FB5EB008CFA80 /* Assets.xcassets */ = {isa = PBXFileReference; lastKnownFileType = folder.assetcatalog; path = Assets.xcassets; sourceTree = "<group>"; };
		5D4DEB62301FB5EB008CFA80 /* SafariWebExtensionHandler.swift */ = {isa = PBXFileReference; lastKnownFileType = sourcecode.swift; path = SafariWebExtensionHandler.swift; sourceTree = "<group>"; };
		5D4DEB67301FB5EB008CFA80 /* Grocery Price Per Unit.app */ = {isa = PBXFileReference; explicitFileType = wrapper.application; includeInIndex = 0; path = "Grocery Price Per Unit.app"; sourceTree = BUILT_PRODUCTS_DIR; };
		5D4DEB6A301FB5EB008CFA80 /* AppDelegate.swift */ = {isa = PBXFileReference; lastKnownFileType = sourcecode.swift; path = AppDelegate.swift; sourceTree = "<group>"; };
		5D4DEB6C301FB5EB008CFA80 /* SceneDelegate.swift */ = {isa = PBXFileReference; lastKnownFileType = sourcecode.swift; path = SceneDelegate.swift; sourceTree = "<group>"; };
		5D4DEB6F301FB5EB008CFA80 /* Base */ = {isa = PBXFileReference; lastKnownFileType = file.storyboard; name = Base; path = Base.lproj/LaunchScreen.storyboard; sourceTree = "<group>"; };
		5D4DEB72301FB5EC008CFA80 /* Base */ = {isa = PBXFileReference; lastKnownFileType = file.storyboard; name = Base; path = Base.lproj/Main.storyboard; sourceTree = "<group>"; };
		5D4DEB74301FB5EC008CFA80 /* Info.plist */ = {isa = PBXFileReference; lastKnownFileType = text.plist.xml; path = Info.plist; sourceTree = "<group>"; };
		5D4DEB79301FB5EC008CFA80 /* Grocery Price Per Unit.app */ = {isa = PBXFileReference; explicitFileType = wrapper.application; includeInIndex = 0; path = "Grocery Price Per Unit.app"; sourceTree = BUILT_PRODUCTS_DIR; };
		5D4DEB7B301FB5EC008CFA80 /* AppDelegate.swift */ = {isa = PBXFileReference; lastKnownFileType = sourcecode.swift; path = AppDelegate.swift; sourceTree = "<group>"; };
		5D4DEB7E301FB5EC008CFA80 /* Base */ = {isa = PBXFileReference; lastKnownFileType = file.storyboard; name = Base; path = Base.lproj/Main.storyboard; sourceTree = "<group>"; };
		5D4DEB80301FB5EC008CFA80 /* Info.plist */ = {isa = PBXFileReference; lastKnownFileType = text.plist.xml; path = Info.plist; sourceTree = "<group>"; };
		5D4DEB85301FB5EC008CFA80 /* Grocery Price Per Unit Extension.appex */ = {isa = PBXFileReference; explicitFileType = "wrapper.app-extension"; includeInIndex = 0; path = "Grocery Price Per Unit Extension.appex"; sourceTree = BUILT_PRODUCTS_DIR; };
		5D4DEB8A301FB5EC008CFA80 /* Info.plist */ = {isa = PBXFileReference; lastKnownFileType = text.plist.xml; path = Info.plist; sourceTree = "<group>"; };
		5D4DEB8F301FB5EC008CFA80 /* Grocery Price Per Unit Extension.appex */ = {isa = PBXFileReference; explicitFileType = "wrapper.app-extension"; includeInIndex = 0; path = "Grocery Price Per Unit Extension.appex"; sourceTree = BUILT_PRODUCTS_DIR; };
		5D4DEB94301FB5EC008CFA80 /* Info.plist */ = {isa = PBXFileReference; lastKnownFileType = text.plist.xml; path = Info.plist; sourceTree = "<group>"; };
		5D4DEBB4301FB5EC008CFA80 /* icon16.png */ = {isa = PBXFileReference; lastKnownFileType = image.png; name = icon16.png; path = Resources/icon16.png; sourceTree = "<group>"; };
		5D4DEBB5301FB5EC008CFA80 /* walmart-content.js */ = {isa = PBXFileReference; lastKnownFileType = sourcecode.javascript; name = "walmart-content.js"; path = "Resources/walmart-content.js"; sourceTree = "<group>"; };
		5D4DEBB6301FB5EC008CFA80 /* popup.js */ = {isa = PBXFileReference; lastKnownFileType = sourcecode.javascript; name = popup.js; path = Resources/popup.js; sourceTree = "<group>"; };
		5D4DEBB7301FB5EC008CFA80 /* popup.html */ = {isa = PBXFileReference; lastKnownFileType = text.html; name = popup.html; path = Resources/popup.html; sourceTree = "<group>"; };
		5D4DEBB8301FB5EC008CFA80 /* icon48.png */ = {isa = PBXFileReference; lastKnownFileType = image.png; name = icon48.png; path = Resources/icon48.png; sourceTree = "<group>"; };
		5D4DEBB9301FB5EC008CFA80 /* icon128.png */ = {isa = PBXFileReference; lastKnownFileType = image.png; name = icon128.png; path = Resources/icon128.png; sourceTree = "<group>"; };
		5D4DEBBA301FB5EC008CFA80 /* saveon-content.js */ = {isa = PBXFileReference; lastKnownFileType = sourcecode.javascript; name = "saveon-content.js"; path = "Resources/saveon-content.js"; sourceTree = "<group>"; };
		5D4DEBBB301FB5EC008CFA80 /* loblaw-content.js */ = {isa = PBXFileReference; lastKnownFileType = sourcecode.javascript; name = "loblaw-content.js"; path = "Resources/loblaw-content.js"; sourceTree = "<group>"; };
		5D4DEBBC301FB5EC008CFA80 /* saveon-api-capture-main.js */ = {isa = PBXFileReference; lastKnownFileType = sourcecode.javascript; name = "saveon-api-capture-main.js"; path = "Resources/saveon-api-capture-main.js"; sourceTree = "<group>"; };
		5D4DEBBD301FB5EC008CFA80 /* loblaw-api-capture-main.js */ = {isa = PBXFileReference; lastKnownFileType = sourcecode.javascript; name = "loblaw-api-capture-main.js"; path = "Resources/loblaw-api-capture-main.js"; sourceTree = "<group>"; };
		5D4DEBBE301FB5EC008CFA80 /* manifest.json */ = {isa = PBXFileReference; lastKnownFileType = text.json; name = manifest.json; path = Resources/manifest.json; sourceTree = "<group>"; };
		5D4DEBBF301FB5EC008CFA80 /* popup.css */ = {isa = PBXFileReference; lastKnownFileType = text.css; name = popup.css; path = Resources/popup.css; sourceTree = "<group>"; };
		5D4DEBC0301FB5EC008CFA80 /* walmart-api-capture-main.js */ = {isa = PBXFileReference; lastKnownFileType = sourcecode.javascript; name = "walmart-api-capture-main.js"; path = "Resources/walmart-api-capture-main.js"; sourceTree = "<group>"; };
		5D4DEBC1301FB5EC008CFA80 /* walmart-sort.js */ = {isa = PBXFileReference; lastKnownFileType = sourcecode.javascript; name = "walmart-sort.js"; path = "Resources/walmart-sort.js"; sourceTree = "<group>"; };
/* End PBXFileReference section */

/* Begin PBXFrameworksBuildPhase section */
		5D4DEB64301FB5EB008CFA80 /* Frameworks */ = {
			isa = PBXFrameworksBuildPhase;
			buildActionMask = 2147483647;
			files = (
			);
			runOnlyForDeploymentPostprocessing = 0;
		};
		5D4DEB76301FB5EC008CFA80 /* Frameworks */ = {
			isa = PBXFrameworksBuildPhase;
			buildActionMask = 2147483647;
			files = (
			);
			runOnlyForDeploymentPostprocessing = 0;
		};
		5D4DEB82301FB5EC008CFA80 /* Frameworks */ = {
			isa = PBXFrameworksBuildPhase;
			buildActionMask = 2147483647;
			files = (
			);
			runOnlyForDeploymentPostprocessing = 0;
		};
		5D4DEB8C301FB5EC008CFA80 /* Frameworks */ = {
			isa = PBXFrameworksBuildPhase;
			buildActionMask = 2147483647;
			files = (
			);
			runOnlyForDeploymentPostprocessing = 0;
		};
/* End PBXFrameworksBuildPhase section */

/* Begin PBXGroup section */
		5D4DEB53301FB5EA008CFA80 = {
			isa = PBXGroup;
			children = (
				5D4DEB58301FB5EB008CFA80 /* Shared (App) */,
				5D4DEB61301FB5EB008CFA80 /* Shared (Extension) */,
				5D4DEB69301FB5EB008CFA80 /* iOS (App) */,
				5D4DEB7A301FB5EC008CFA80 /* macOS (App) */,
				5D4DEB89301FB5EC008CFA80 /* iOS (Extension) */,
				5D4DEB93301FB5EC008CFA80 /* macOS (Extension) */,
				5D4DEB68301FB5EB008CFA80 /* Products */,
			);
			sourceTree = "<group>";
		};
		5D4DEB58301FB5EB008CFA80 /* Shared (App) */ = {
			isa = PBXGroup;
			children = (
				5D4DEB5F301FB5EB008CFA80 /* ViewController.swift */,
				5D4DEB60301FB5EB008CFA80 /* Assets.xcassets */,
				5D4DEB59301FB5EB008CFA80 /* Resources */,
			);
			path = "Shared (App)";
			sourceTree = "<group>";
		};
		5D4DEB59301FB5EB008CFA80 /* Resources */ = {
			isa = PBXGroup;
			children = (
				5D4DEB5A301FB5EB008CFA80 /* Main.html */,
				5D4DEB5C301FB5EB008CFA80 /* Icon.png */,
				5D4DEB5D301FB5EB008CFA80 /* Style.css */,
				5D4DEB5E301FB5EB008CFA80 /* Script.js */,
			);
			path = Resources;
			sourceTree = "<group>";
		};
		5D4DEB61301FB5EB008CFA80 /* Shared (Extension) */ = {
			isa = PBXGroup;
			children = (
				5D4DEBB3301FB5EC008CFA80 /* Resources */,
				5D4DEB62301FB5EB008CFA80 /* SafariWebExtensionHandler.swift */,
			);
			path = "Shared (Extension)";
			sourceTree = "<group>";
		};
		5D4DEB68301FB5EB008CFA80 /* Products */ = {
			isa = PBXGroup;
			children = (
				5D4DEB67301FB5EB008CFA80 /* Grocery Price Per Unit.app */,
				5D4DEB79301FB5EC008CFA80 /* Grocery Price Per Unit.app */,
				5D4DEB85301FB5EC008CFA80 /* Grocery Price Per Unit Extension.appex */,
				5D4DEB8F301FB5EC008CFA80 /* Grocery Price Per Unit Extension.appex */,
			);
			name = Products;
			sourceTree = "<group>";
		};
		5D4DEB69301FB5EB008CFA80 /* iOS (App) */ = {
			isa = PBXGroup;
			children = (
				5D4DEB6A301FB5EB008CFA80 /* AppDelegate.swift */,
				5D4DEB6C301FB5EB008CFA80 /* SceneDelegate.swift */,
				5D4DEB6E301FB5EB008CFA80 /* LaunchScreen.storyboard */,
				5D4DEB71301FB5EC008CFA80 /* Main.storyboard */,
				5D4DEB74301FB5EC008CFA80 /* Info.plist */,
			);
			path = "iOS (App)";
			sourceTree = "<group>";
		};
		5D4DEB7A301FB5EC008CFA80 /* macOS (App) */ = {
			isa = PBXGroup;
			children = (
				5D4DEB7B301FB5EC008CFA80 /* AppDelegate.swift */,
				5D4DEB7D301FB5EC008CFA80 /* Main.storyboard */,
				5D4DEB80301FB5EC008CFA80 /* Info.plist */,
			);
			path = "macOS (App)";
			sourceTree = "<group>";
		};
		5D4DEB89301FB5EC008CFA80 /* iOS (Extension) */ = {
			isa = PBXGroup;
			children = (
				5D4DEB8A301FB5EC008CFA80 /* Info.plist */,
			);
			path = "iOS (Extension)";
			sourceTree = "<group>";
		};
		5D4DEB93301FB5EC008CFA80 /* macOS (Extension) */ = {
			isa = PBXGroup;
			children = (
				5D4DEB94301FB5EC008CFA80 /* Info.plist */,
			);
			path = "macOS (Extension)";
			sourceTree = "<group>";
		};
		5D4DEBB3301FB5EC008CFA80 /* Resources */ = {
			isa = PBXGroup;
			children = (
				5D4DEBB4301FB5EC008CFA80 /* icon16.png */,
				5D4DEBB5301FB5EC008CFA80 /* walmart-content.js */,
				5D4DEBB6301FB5EC008CFA80 /* popup.js */,
				5D4DEBB7301FB5EC008CFA80 /* popup.html */,
				5D4DEBB8301FB5EC008CFA80 /* icon48.png */,
				5D4DEBB9301FB5EC008CFA80 /* icon128.png */,
				5D4DEBBA301FB5EC008CFA80 /* saveon-content.js */,
				5D4DEBBB301FB5EC008CFA80 /* loblaw-content.js */,
				5D4DEBBC301FB5EC008CFA80 /* saveon-api-capture-main.js */,
				5D4DEBBD301FB5EC008CFA80 /* loblaw-api-capture-main.js */,
				5D4DEBBE301FB5EC008CFA80 /* manifest.json */,
				5D4DEBBF301FB5EC008CFA80 /* popup.css */,
				5D4DEBC0301FB5EC008CFA80 /* walmart-api-capture-main.js */,
				5D4DEBC1301FB5EC008CFA80 /* walmart-sort.js */,
			);
			name = Resources;
			path = "Shared (Extension)";
			sourceTree = SOURCE_ROOT;
		};
/* End PBXGroup section */

/* Begin PBXNativeTarget section */
		5D4DEB66301FB5EB008CFA80 /* Grocery Price Per Unit (iOS) */ = {
			isa = PBXNativeTarget;
			buildConfigurationList = 5D4DEBA9301FB5EC008CFA80 /* Build configuration list for PBXNativeTarget "Grocery Price Per Unit (iOS)" */;
			buildPhases = (
				5D4DEB63301FB5EB008CFA80 /* Sources */,
				5D4DEB64301FB5EB008CFA80 /* Frameworks */,
				5D4DEB65301FB5EB008CFA80 /* Resources */,
				5D4DEBA8301FB5EC008CFA80 /* Embed Foundation Extensions */,
			);
			buildRules = (
			);
			dependencies = (
				5D4DEB88301FB5EC008CFA80 /* PBXTargetDependency */,
			);
			name = "Grocery Price Per Unit (iOS)";
			packageProductDependencies = (
			);
			productName = "Grocery Price Per Unit (iOS)";
			productReference = 5D4DEB67301FB5EB008CFA80 /* Grocery Price Per Unit.app */;
			productType = "com.apple.product-type.application";
		};
		5D4DEB78301FB5EC008CFA80 /* Grocery Price Per Unit (macOS) */ = {
			isa = PBXNativeTarget;
			buildConfigurationList = 5D4DEBB0301FB5EC008CFA80 /* Build configuration list for PBXNativeTarget "Grocery Price Per Unit (macOS)" */;
			buildPhases = (
				5D4DEB75301FB5EC008CFA80 /* Sources */,
				5D4DEB76301FB5EC008CFA80 /* Frameworks */,
				5D4DEB77301FB5EC008CFA80 /* Resources */,
				5D4DEBAF301FB5EC008CFA80 /* Embed Foundation Extensions */,
			);
			buildRules = (
			);
			dependencies = (
				5D4DEB92301FB5EC008CFA80 /* PBXTargetDependency */,
			);
			name = "Grocery Price Per Unit (macOS)";
			packageProductDependencies = (
			);
			productName = "Grocery Price Per Unit (macOS)";
			productReference = 5D4DEB79301FB5EC008CFA80 /* Grocery Price Per Unit.app */;
			productType = "com.apple.product-type.application";
		};
		5D4DEB84301FB5EC008CFA80 /* Grocery Price Per Unit Extension (iOS) */ = {
			isa = PBXNativeTarget;
			buildConfigurationList = 5D4DEBA5301FB5EC008CFA80 /* Build configuration list for PBXNativeTarget "Grocery Price Per Unit Extension (iOS)" */;
			buildPhases = (
				5D4DEB81301FB5EC008CFA80 /* Sources */,
				5D4DEB82301FB5EC008CFA80 /* Frameworks */,
				5D4DEB83301FB5EC008CFA80 /* Resources */,
			);
			buildRules = (
			);
			dependencies = (
			);
			name = "Grocery Price Per Unit Extension (iOS)";
			packageProductDependencies = (
			);
			productName = "Grocery Price Per Unit Extension (iOS)";
			productReference = 5D4DEB85301FB5EC008CFA80 /* Grocery Price Per Unit Extension.appex */;
			productType = "com.apple.product-type.app-extension";
		};
		5D4DEB8E301FB5EC008CFA80 /* Grocery Price Per Unit Extension (macOS) */ = {
			isa = PBXNativeTarget;
			buildConfigurationList = 5D4DEBAC301FB5EC008CFA80 /* Build configuration list for PBXNativeTarget "Grocery Price Per Unit Extension (macOS)" */;
			buildPhases = (
				5D4DEB8B301FB5EC008CFA80 /* Sources */,
				5D4DEB8C301FB5EC008CFA80 /* Frameworks */,
				5D4DEB8D301FB5EC008CFA80 /* Resources */,
			);
			buildRules = (
			);
			dependencies = (
			);
			name = "Grocery Price Per Unit Extension (macOS)";
			packageProductDependencies = (
			);
			productName = "Grocery Price Per Unit Extension (macOS)";
			productReference = 5D4DEB8F301FB5EC008CFA80 /* Grocery Price Per Unit Extension.appex */;
			productType = "com.apple.product-type.app-extension";
		};
/* End PBXNativeTarget section */

/* Begin PBXProject section */
		5D4DEB54301FB5EA008CFA80 /* Project object */ = {
			isa = PBXProject;
			attributes = {
				BuildIndependentTargetsInParallel = 1;
				LastSwiftUpdateCheck = 2660;
				LastUpgradeCheck = 2660;
				TargetAttributes = {
					5D4DEB66301FB5EB008CFA80 = {
						CreatedOnToolsVersion = 26.6;
					};
					5D4DEB78301FB5EC008CFA80 = {
						CreatedOnToolsVersion = 26.6;
					};
					5D4DEB84301FB5EC008CFA80 = {
						CreatedOnToolsVersion = 26.6;
					};
					5D4DEB8E301FB5EC008CFA80 = {
						CreatedOnToolsVersion = 26.6;
					};
				};
			};
			buildConfigurationList = 5D4DEB57301FB5EA008CFA80 /* Build configuration list for PBXProject "Grocery Price Per Unit" */;
			developmentRegion = en;
			hasScannedForEncodings = 0;
			knownRegions = (
				en,
				Base,
			);
			mainGroup = 5D4DEB53301FB5EA008CFA80;
			minimizedProjectReferenceProxies = 1;
			preferredProjectObjectVersion = 77;
			productRefGroup = 5D4DEB68301FB5EB008CFA80 /* Products */;
			projectDirPath = "";
			projectRoot = "";
			targets = (
				5D4DEB66301FB5EB008CFA80 /* Grocery Price Per Unit (iOS) */,
				5D4DEB78301FB5EC008CFA80 /* Grocery Price Per Unit (macOS) */,
				5D4DEB84301FB5EC008CFA80 /* Grocery Price Per Unit Extension (iOS) */,
				5D4DEB8E301FB5EC008CFA80 /* Grocery Price Per Unit Extension (macOS) */,
			);
		};
/* End PBXProject section */

/* Begin PBXResourcesBuildPhase section */
		5D4DEB65301FB5EB008CFA80 /* Resources */ = {
			isa = PBXResourcesBuildPhase;
			buildActionMask = 2147483647;
			files = (
				5D4DEB97301FB5EC008CFA80 /* Icon.png in Resources */,
				5D4DEB70301FB5EC008CFA80 /* LaunchScreen.storyboard in Resources */,
				5D4DEB95301FB5EC008CFA80 /* Main.html in Resources */,
				5D4DEB9B301FB5EC008CFA80 /* Script.js in Resources */,
				5D4DEB9F301FB5EC008CFA80 /* Assets.xcassets in Resources */,
				5D4DEB73301FB5EC008CFA80 /* Main.storyboard in Resources */,
				5D4DEB99301FB5EC008CFA80 /* Style.css in Resources */,
			);
			runOnlyForDeploymentPostprocessing = 0;
		};
		5D4DEB77301FB5EC008CFA80 /* Resources */ = {
			isa = PBXResourcesBuildPhase;
			buildActionMask = 2147483647;
			files = (
				5D4DEB98301FB5EC008CFA80 /* Icon.png in Resources */,
				5D4DEB9A301FB5EC008CFA80 /* Style.css in Resources */,
				5D4DEB7F301FB5EC008CFA80 /* Main.storyboard in Resources */,
				5D4DEB9C301FB5EC008CFA80 /* Script.js in Resources */,
				5D4DEBA0301FB5EC008CFA80 /* Assets.xcassets in Resources */,
				5D4DEB96301FB5EC008CFA80 /* Main.html in Resources */,
			);
			runOnlyForDeploymentPostprocessing = 0;
		};
		5D4DEB83301FB5EC008CFA80 /* Resources */ = {
			isa = PBXResourcesBuildPhase;
			buildActionMask = 2147483647;
			files = (
				5D4DEBD8301FB5EC008CFA80 /* saveon-api-capture-main.js in Resources */,
				5D4DEBD0301FB5EC008CFA80 /* icon16.png in Resources */,
				5D4DEBD3301FB5EC008CFA80 /* popup.html in Resources */,
				5D4DEBD5301FB5EC008CFA80 /* icon128.png in Resources */,
				5D4DEBD9301FB5EC008CFA80 /* loblaw-api-capture-main.js in Resources */,
				5D4DEBDA301FB5EC008CFA80 /* manifest.json in Resources */,
				5D4DEBD6301FB5EC008CFA80 /* saveon-content.js in Resources */,
				5D4DEBDD301FB5EC008CFA80 /* walmart-sort.js in Resources */,
				5D4DEBDC301FB5EC008CFA80 /* walmart-api-capture-main.js in Resources */,
				5D4DEBD2301FB5EC008CFA80 /* popup.js in Resources */,
				5D4DEBDB301FB5EC008CFA80 /* popup.css in Resources */,
				5D4DEBD7301FB5EC008CFA80 /* loblaw-content.js in Resources */,
				5D4DEBD1301FB5EC008CFA80 /* walmart-content.js in Resources */,
				5D4DEBD4301FB5EC008CFA80 /* icon48.png in Resources */,
			);
			runOnlyForDeploymentPostprocessing = 0;
		};
		5D4DEB8D301FB5EC008CFA80 /* Resources */ = {
			isa = PBXResourcesBuildPhase;
			buildActionMask = 2147483647;
			files = (
				5D4DEBCA301FB5EC008CFA80 /* saveon-api-capture-main.js in Resources */,
				5D4DEBC2301FB5EC008CFA80 /* icon16.png in Resources */,
				5D4DEBC5301FB5EC008CFA80 /* popup.html in Resources */,
				5D4DEBC7301FB5EC008CFA80 /* icon128.png in Resources */,
				5D4DEBCB301FB5EC008CFA80 /* loblaw-api-capture-main.js in Resources */,
				5D4DEBCC301FB5EC008CFA80 /* manifest.json in Resources */,
				5D4DEBC8301FB5EC008CFA80 /* saveon-content.js in Resources */,
				5D4DEBCF301FB5EC008CFA80 /* walmart-sort.js in Resources */,
				5D4DEBCE301FB5EC008CFA80 /* walmart-api-capture-main.js in Resources */,
				5D4DEBC4301FB5EC008CFA80 /* popup.js in Resources */,
				5D4DEBCD301FB5EC008CFA80 /* popup.css in Resources */,
				5D4DEBC9301FB5EC008CFA80 /* loblaw-content.js in Resources */,
				5D4DEBC3301FB5EC008CFA80 /* walmart-content.js in Resources */,
				5D4DEBC6301FB5EC008CFA80 /* icon48.png in Resources */,
			);
			runOnlyForDeploymentPostprocessing = 0;
		};
/* End PBXResourcesBuildPhase section */

/* Begin PBXSourcesBuildPhase section */
		5D4DEB63301FB5EB008CFA80 /* Sources */ = {
			isa = PBXSourcesBuildPhase;
			buildActionMask = 2147483647;
			files = (
				5D4DEB9D301FB5EC008CFA80 /* ViewController.swift in Sources */,
				5D4DEB6B301FB5EB008CFA80 /* AppDelegate.swift in Sources */,
				5D4DEB6D301FB5EB008CFA80 /* SceneDelegate.swift in Sources */,
			);
			runOnlyForDeploymentPostprocessing = 0;
		};
		5D4DEB75301FB5EC008CFA80 /* Sources */ = {
			isa = PBXSourcesBuildPhase;
			buildActionMask = 2147483647;
			files = (
				5D4DEB9E301FB5EC008CFA80 /* ViewController.swift in Sources */,
				5D4DEB7C301FB5EC008CFA80 /* AppDelegate.swift in Sources */,
			);
			runOnlyForDeploymentPostprocessing = 0;
		};
		5D4DEB81301FB5EC008CFA80 /* Sources */ = {
			isa = PBXSourcesBuildPhase;
			buildActionMask = 2147483647;
			files = (
				5D4DEBA1301FB5EC008CFA80 /* SafariWebExtensionHandler.swift in Sources */,
			);
			runOnlyForDeploymentPostprocessing = 0;
		};
		5D4DEB8B301FB5EC008CFA80 /* Sources */ = {
			isa = PBXSourcesBuildPhase;
			buildActionMask = 2147483647;
			files = (
				5D4DEBA2301FB5EC008CFA80 /* SafariWebExtensionHandler.swift in Sources */,
			);
			runOnlyForDeploymentPostprocessing = 0;
		};
/* End PBXSourcesBuildPhase section */

/* Begin PBXTargetDependency section */
		5D4DEB88301FB5EC008CFA80 /* PBXTargetDependency */ = {
			isa = PBXTargetDependency;
			target = 5D4DEB84301FB5EC008CFA80 /* Grocery Price Per Unit Extension (iOS) */;
			targetProxy = 5D4DEB87301FB5EC008CFA80 /* PBXContainerItemProxy */;
		};
		5D4DEB92301FB5EC008CFA80 /* PBXTargetDependency */ = {
			isa = PBXTargetDependency;
			target = 5D4DEB8E301FB5EC008CFA80 /* Grocery Price Per Unit Extension (macOS) */;
			targetProxy = 5D4DEB91301FB5EC008CFA80 /* PBXContainerItemProxy */;
		};
/* End PBXTargetDependency section */

/* Begin PBXVariantGroup section */
		5D4DEB5A301FB5EB008CFA80 /* Main.html */ = {
			isa = PBXVariantGroup;
			children = (
				5D4DEB5B301FB5EB008CFA80 /* Base */,
			);
			name = Main.html;
			sourceTree = "<group>";
		};
		5D4DEB6E301FB5EB008CFA80 /* LaunchScreen.storyboard */ = {
			isa = PBXVariantGroup;
			children = (
				5D4DEB6F301FB5EB008CFA80 /* Base */,
			);
			name = LaunchScreen.storyboard;
			sourceTree = "<group>";
		};
		5D4DEB71301FB5EC008CFA80 /* Main.storyboard */ = {
			isa = PBXVariantGroup;
			children = (
				5D4DEB72301FB5EC008CFA80 /* Base */,
			);
			name = Main.storyboard;
			sourceTree = "<group>";
		};
		5D4DEB7D301FB5EC008CFA80 /* Main.storyboard */ = {
			isa = PBXVariantGroup;
			children = (
				5D4DEB7E301FB5EC008CFA80 /* Base */,
			);
			name = Main.storyboard;
			sourceTree = "<group>";
		};
/* End PBXVariantGroup section */

/* Begin XCBuildConfiguration section */
		5D4DEBA3301FB5EC008CFA80 /* Debug */ = {
			isa = XCBuildConfiguration;
			buildSettings = {
				ALWAYS_SEARCH_USER_PATHS = NO;
				ASSETCATALOG_COMPILER_GENERATE_SWIFT_ASSET_SYMBOL_EXTENSIONS = YES;
				CLANG_ANALYZER_NONNULL = YES;
				CLANG_ANALYZER_NUMBER_OBJECT_CONVERSION = YES_AGGRESSIVE;
				CLANG_CXX_LANGUAGE_STANDARD = "gnu++20";
				CLANG_ENABLE_MODULES = YES;
				CLANG_ENABLE_OBJC_ARC = YES;
				CLANG_ENABLE_OBJC_WEAK = YES;
				CLANG_WARN_BLOCK_CAPTURE_AUTORELEASING = YES;
				CLANG_WARN_BOOL_CONVERSION = YES;
				CLANG_WARN_COMMA = YES;
				CLANG_WARN_CONSTANT_CONVERSION = YES;
				CLANG_WARN_DEPRECATED_OBJC_IMPLEMENTATIONS = YES;
				CLANG_WARN_DIRECT_OBJC_ISA_USAGE = YES_ERROR;
				CLANG_WARN_DOCUMENTATION_COMMENTS = YES;
				CLANG_WARN_EMPTY_BODY = YES;
				CLANG_WARN_ENUM_CONVERSION = YES;
				CLANG_WARN_INFINITE_RECURSION = YES;
				CLANG_WARN_INT_CONVERSION = YES;
				CLANG_WARN_NON_LITERAL_NULL_CONVERSION = YES;
				CLANG_WARN_OBJC_IMPLICIT_RETAIN_SELF = YES;
				CLANG_WARN_OBJC_LITERAL_CONVERSION = YES;
				CLANG_WARN_OBJC_ROOT_CLASS = YES_ERROR;
				CLANG_WARN_QUOTED_INCLUDE_IN_FRAMEWORK_HEADER = YES;
				CLANG_WARN_RANGE_LOOP_ANALYSIS = YES;
				CLANG_WARN_STRICT_PROTOTYPES = YES;
				CLANG_WARN_SUSPICIOUS_MOVE = YES;
				CLANG_WARN_UNGUARDED_AVAILABILITY = YES_AGGRESSIVE;
				CLANG_WARN_UNREACHABLE_CODE = YES;
				CLANG_WARN__DUPLICATE_METHOD_MATCH = YES;
				COPY_PHASE_STRIP = NO;
				DEBUG_INFORMATION_FORMAT = dwarf;
				ENABLE_STRICT_OBJC_MSGSEND = YES;
				ENABLE_TESTABILITY = YES;
				ENABLE_USER_SCRIPT_SANDBOXING = YES;
				GCC_C_LANGUAGE_STANDARD = gnu17;
				GCC_DYNAMIC_NO_PIC = NO;
				GCC_NO_COMMON_BLOCKS = YES;
				GCC_OPTIMIZATION_LEVEL = 0;
				GCC_PREPROCESSOR_DEFINITIONS = (
					"DEBUG=1",
					"$(inherited)",
				);
				GCC_WARN_64_TO_32_BIT_CONVERSION = YES;
				GCC_WARN_ABOUT_RETURN_TYPE = YES_ERROR;
				GCC_WARN_UNDECLARED_SELECTOR = YES;
				GCC_WARN_UNINITIALIZED_AUTOS = YES_AGGRESSIVE;
				GCC_WARN_UNUSED_FUNCTION = YES;
				GCC_WARN_UNUSED_VARIABLE = YES;
				LOCALIZATION_PREFERS_STRING_CATALOGS = YES;
				MTL_ENABLE_DEBUG_INFO = INCLUDE_SOURCE;
				MTL_FAST_MATH = YES;
				ONLY_ACTIVE_ARCH = YES;
				SWIFT_ACTIVE_COMPILATION_CONDITIONS = "DEBUG $(inherited)";
				SWIFT_OPTIMIZATION_LEVEL = "-Onone";
			};
			name = Debug;
		};
		5D4DEBA4301FB5EC008CFA80 /* Release */ = {
			isa = XCBuildConfiguration;
			buildSettings = {
				ALWAYS_SEARCH_USER_PATHS = NO;
				ASSETCATALOG_COMPILER_GENERATE_SWIFT_ASSET_SYMBOL_EXTENSIONS = YES;
				CLANG_ANALYZER_NONNULL = YES;
				CLANG_ANALYZER_NUMBER_OBJECT_CONVERSION = YES_AGGRESSIVE;
				CLANG_CXX_LANGUAGE_STANDARD = "gnu++20";
				CLANG_ENABLE_MODULES = YES;
				CLANG_ENABLE_OBJC_ARC = YES;
				CLANG_ENABLE_OBJC_WEAK = YES;
				CLANG_WARN_BLOCK_CAPTURE_AUTORELEASING = YES;
				CLANG_WARN_BOOL_CONVERSION = YES;
				CLANG_WARN_COMMA = YES;
				CLANG_WARN_CONSTANT_CONVERSION = YES;
				CLANG_WARN_DEPRECATED_OBJC_IMPLEMENTATIONS = YES;
				CLANG_WARN_DIRECT_OBJC_ISA_USAGE = YES_ERROR;
				CLANG_WARN_DOCUMENTATION_COMMENTS = YES;
				CLANG_WARN_EMPTY_BODY = YES;
				CLANG_WARN_ENUM_CONVERSION = YES;
				CLANG_WARN_INFINITE_RECURSION = YES;
				CLANG_WARN_INT_CONVERSION = YES;
				CLANG_WARN_NON_LITERAL_NULL_CONVERSION = YES;
				CLANG_WARN_OBJC_IMPLICIT_RETAIN_SELF = YES;
				CLANG_WARN_OBJC_LITERAL_CONVERSION = YES;
				CLANG_WARN_OBJC_ROOT_CLASS = YES_ERROR;
				CLANG_WARN_QUOTED_INCLUDE_IN_FRAMEWORK_HEADER = YES;
				CLANG_WARN_RANGE_LOOP_ANALYSIS = YES;
				CLANG_WARN_STRICT_PROTOTYPES = YES;
				CLANG_WARN_SUSPICIOUS_MOVE = YES;
				CLANG_WARN_UNGUARDED_AVAILABILITY = YES_AGGRESSIVE;
				CLANG_WARN_UNREACHABLE_CODE = YES;
				CLANG_WARN__DUPLICATE_METHOD_MATCH = YES;
				COPY_PHASE_STRIP = NO;
				DEBUG_INFORMATION_FORMAT = "dwarf-with-dsym";
				ENABLE_NS_ASSERTIONS = NO;
				ENABLE_STRICT_OBJC_MSGSEND = YES;
				ENABLE_USER_SCRIPT_SANDBOXING = YES;
				GCC_C_LANGUAGE_STANDARD = gnu17;
				GCC_NO_COMMON_BLOCKS = YES;
				GCC_WARN_64_TO_32_BIT_CONVERSION = YES;
				GCC_WARN_ABOUT_RETURN_TYPE = YES_ERROR;
				GCC_WARN_UNDECLARED_SELECTOR = YES;
				GCC_WARN_UNINITIALIZED_AUTOS = YES_AGGRESSIVE;
				GCC_WARN_UNUSED_FUNCTION = YES;
				GCC_WARN_UNUSED_VARIABLE = YES;
				LOCALIZATION_PREFERS_STRING_CATALOGS = YES;
				MTL_ENABLE_DEBUG_INFO = NO;
				MTL_FAST_MATH = YES;
				SWIFT_COMPILATION_MODE = wholemodule;
			};
			name = Release;
		};
		5D4DEBA6301FB5EC008CFA80 /* Debug */ = {
			isa = XCBuildConfiguration;
			buildSettings = {
				CODE_SIGN_STYLE = Automatic;
				CURRENT_PROJECT_VERSION = 1;
				GENERATE_INFOPLIST_FILE = YES;
				INFOPLIST_FILE = "iOS (Extension)/Info.plist";
				INFOPLIST_KEY_CFBundleDisplayName = "Grocery Price Per Unit Extension";
				INFOPLIST_KEY_NSHumanReadableCopyright = "";
				IPHONEOS_DEPLOYMENT_TARGET = 15.0;
				LD_RUNPATH_SEARCH_PATHS = (
					"$(inherited)",
					"@executable_path/Frameworks",
					"@executable_path/../../Frameworks",
				);
				MARKETING_VERSION = 1.0;
				OTHER_LDFLAGS = (
					"-framework",
					SafariServices,
				);
				PRODUCT_BUNDLE_IDENTIFIER = ca.grocerypriceperunit.Extension;
				PRODUCT_NAME = "Grocery Price Per Unit Extension";
				SDKROOT = iphoneos;
				SKIP_INSTALL = YES;
				STRING_CATALOG_GENERATE_SYMBOLS = YES;
				SWIFT_APPROACHABLE_CONCURRENCY = YES;
				SWIFT_EMIT_LOC_STRINGS = YES;
				SWIFT_UPCOMING_FEATURE_MEMBER_IMPORT_VISIBILITY = YES;
				SWIFT_VERSION = 5.0;
				TARGETED_DEVICE_FAMILY = "1,2";
			};
			name = Debug;
		};
		5D4DEBA7301FB5EC008CFA80 /* Release */ = {
			isa = XCBuildConfiguration;
			buildSettings = {
				CODE_SIGN_STYLE = Automatic;
				CURRENT_PROJECT_VERSION = 1;
				GENERATE_INFOPLIST_FILE = YES;
				INFOPLIST_FILE = "iOS (Extension)/Info.plist";
				INFOPLIST_KEY_CFBundleDisplayName = "Grocery Price Per Unit Extension";
				INFOPLIST_KEY_NSHumanReadableCopyright = "";
				IPHONEOS_DEPLOYMENT_TARGET = 15.0;
				LD_RUNPATH_SEARCH_PATHS = (
					"$(inherited)",
					"@executable_path/Frameworks",
					"@executable_path/../../Frameworks",
				);
				MARKETING_VERSION = 1.0;
				OTHER_LDFLAGS = (
					"-framework",
					SafariServices,
				);
				PRODUCT_BUNDLE_IDENTIFIER = ca.grocerypriceperunit.Extension;
				PRODUCT_NAME = "Grocery Price Per Unit Extension";
				SDKROOT = iphoneos;
				SKIP_INSTALL = YES;
				STRING_CATALOG_GENERATE_SYMBOLS = YES;
				SWIFT_APPROACHABLE_CONCURRENCY = YES;
				SWIFT_EMIT_LOC_STRINGS = YES;
				SWIFT_UPCOMING_FEATURE_MEMBER_IMPORT_VISIBILITY = YES;
				SWIFT_VERSION = 5.0;
				TARGETED_DEVICE_FAMILY = "1,2";
				VALIDATE_PRODUCT = YES;
			};
			name = Release;
		};
		5D4DEBAA301FB5EC008CFA80 /* Debug */ = {
			isa = XCBuildConfiguration;
			buildSettings = {
				ASSETCATALOG_COMPILER_APPICON_NAME = AppIcon;
				ASSETCATALOG_COMPILER_GLOBAL_ACCENT_COLOR_NAME = AccentColor;
				CODE_SIGN_STYLE = Automatic;
				CURRENT_PROJECT_VERSION = 1;
				GENERATE_INFOPLIST_FILE = YES;
				INFOPLIST_FILE = "iOS (App)/Info.plist";
				INFOPLIST_KEY_CFBundleDisplayName = "Grocery Price Per Unit";
				INFOPLIST_KEY_UIApplicationSupportsIndirectInputEvents = YES;
				INFOPLIST_KEY_UILaunchStoryboardName = LaunchScreen;
				INFOPLIST_KEY_UIMainStoryboardFile = Main;
				INFOPLIST_KEY_UISupportedInterfaceOrientations = "UIInterfaceOrientationPortrait UIInterfaceOrientationLandscapeLeft UIInterfaceOrientationLandscapeRight";
				INFOPLIST_KEY_UISupportedInterfaceOrientations_iPad = "UIInterfaceOrientationPortrait UIInterfaceOrientationPortraitUpsideDown UIInterfaceOrientationLandscapeLeft UIInterfaceOrientationLandscapeRight";
				IPHONEOS_DEPLOYMENT_TARGET = 15.0;
				LD_RUNPATH_SEARCH_PATHS = (
					"$(inherited)",
					"@executable_path/Frameworks",
				);
				MARKETING_VERSION = 1.0;
				OTHER_LDFLAGS = (
					"-framework",
					SafariServices,
					"-framework",
					WebKit,
				);
				PRODUCT_BUNDLE_IDENTIFIER = ca.grocerypriceperunit;
				PRODUCT_NAME = "Grocery Price Per Unit";
				SDKROOT = iphoneos;
				STRING_CATALOG_GENERATE_SYMBOLS = YES;
				SWIFT_APPROACHABLE_CONCURRENCY = YES;
				SWIFT_DEFAULT_ACTOR_ISOLATION = MainActor;
				SWIFT_EMIT_LOC_STRINGS = YES;
				SWIFT_UPCOMING_FEATURE_MEMBER_IMPORT_VISIBILITY = YES;
				SWIFT_VERSION = 5.0;
				TARGETED_DEVICE_FAMILY = "1,2";
			};
			name = Debug;
		};
		5D4DEBAB301FB5EC008CFA80 /* Release */ = {
			isa = XCBuildConfiguration;
			buildSettings = {
				ASSETCATALOG_COMPILER_APPICON_NAME = AppIcon;
				ASSETCATALOG_COMPILER_GLOBAL_ACCENT_COLOR_NAME = AccentColor;
				CODE_SIGN_STYLE = Automatic;
				CURRENT_PROJECT_VERSION = 1;
				GENERATE_INFOPLIST_FILE = YES;
				INFOPLIST_FILE = "iOS (App)/Info.plist";
				INFOPLIST_KEY_CFBundleDisplayName = "Grocery Price Per Unit";
				INFOPLIST_KEY_UIApplicationSupportsIndirectInputEvents = YES;
				INFOPLIST_KEY_UILaunchStoryboardName = LaunchScreen;
				INFOPLIST_KEY_UIMainStoryboardFile = Main;
				INFOPLIST_KEY_UISupportedInterfaceOrientations = "UIInterfaceOrientationPortrait UIInterfaceOrientationLandscapeLeft UIInterfaceOrientationLandscapeRight";
				INFOPLIST_KEY_UISupportedInterfaceOrientations_iPad = "UIInterfaceOrientationPortrait UIInterfaceOrientationPortraitUpsideDown UIInterfaceOrientationLandscapeLeft UIInterfaceOrientationLandscapeRight";
				IPHONEOS_DEPLOYMENT_TARGET = 15.0;
				LD_RUNPATH_SEARCH_PATHS = (
					"$(inherited)",
					"@executable_path/Frameworks",
				);
				MARKETING_VERSION = 1.0;
				OTHER_LDFLAGS = (
					"-framework",
					SafariServices,
					"-framework",
					WebKit,
				);
				PRODUCT_BUNDLE_IDENTIFIER = ca.grocerypriceperunit;
				PRODUCT_NAME = "Grocery Price Per Unit";
				SDKROOT = iphoneos;
				STRING_CATALOG_GENERATE_SYMBOLS = YES;
				SWIFT_APPROACHABLE_CONCURRENCY = YES;
				SWIFT_DEFAULT_ACTOR_ISOLATION = MainActor;
				SWIFT_EMIT_LOC_STRINGS = YES;
				SWIFT_UPCOMING_FEATURE_MEMBER_IMPORT_VISIBILITY = YES;
				SWIFT_VERSION = 5.0;
				TARGETED_DEVICE_FAMILY = "1,2";
				VALIDATE_PRODUCT = YES;
			};
			name = Release;
		};
		5D4DEBAD301FB5EC008CFA80 /* Debug */ = {
			isa = XCBuildConfiguration;
			buildSettings = {
				CODE_SIGN_STYLE = Automatic;
				CURRENT_PROJECT_VERSION = 1;
				ENABLE_APP_SANDBOX = YES;
				ENABLE_HARDENED_RUNTIME = YES;
				ENABLE_USER_SELECTED_FILES = readonly;
				GENERATE_INFOPLIST_FILE = YES;
				INFOPLIST_FILE = "macOS (Extension)/Info.plist";
				INFOPLIST_KEY_CFBundleDisplayName = "Grocery Price Per Unit Extension";
				INFOPLIST_KEY_NSHumanReadableCopyright = "";
				LD_RUNPATH_SEARCH_PATHS = (
					"$(inherited)",
					"@executable_path/../Frameworks",
					"@executable_path/../../../../Frameworks",
				);
				MACOSX_DEPLOYMENT_TARGET = 10.14;
				MARKETING_VERSION = 1.0;
				OTHER_LDFLAGS = (
					"-framework",
					SafariServices,
				);
				PRODUCT_BUNDLE_IDENTIFIER = ca.grocerypriceperunit.Extension;
				PRODUCT_NAME = "Grocery Price Per Unit Extension";
				SDKROOT = macosx;
				SKIP_INSTALL = YES;
				STRING_CATALOG_GENERATE_SYMBOLS = YES;
				SWIFT_APPROACHABLE_CONCURRENCY = YES;
				SWIFT_EMIT_LOC_STRINGS = YES;
				SWIFT_UPCOMING_FEATURE_MEMBER_IMPORT_VISIBILITY = YES;
				SWIFT_VERSION = 5.0;
			};
			name = Debug;
		};
		5D4DEBAE301FB5EC008CFA80 /* Release */ = {
			isa = XCBuildConfiguration;
			buildSettings = {
				CODE_SIGN_STYLE = Automatic;
				CURRENT_PROJECT_VERSION = 1;
				ENABLE_APP_SANDBOX = YES;
				ENABLE_HARDENED_RUNTIME = YES;
				ENABLE_USER_SELECTED_FILES = readonly;
				GENERATE_INFOPLIST_FILE = YES;
				INFOPLIST_FILE = "macOS (Extension)/Info.plist";
				INFOPLIST_KEY_CFBundleDisplayName = "Grocery Price Per Unit Extension";
				INFOPLIST_KEY_NSHumanReadableCopyright = "";
				LD_RUNPATH_SEARCH_PATHS = (
					"$(inherited)",
					"@executable_path/../Frameworks",
					"@executable_path/../../../../Frameworks",
				);
				MACOSX_DEPLOYMENT_TARGET = 10.14;
				MARKETING_VERSION = 1.0;
				OTHER_LDFLAGS = (
					"-framework",
					SafariServices,
				);
				PRODUCT_BUNDLE_IDENTIFIER = ca.grocerypriceperunit.Extension;
				PRODUCT_NAME = "Grocery Price Per Unit Extension";
				SDKROOT = macosx;
				SKIP_INSTALL = YES;
				STRING_CATALOG_GENERATE_SYMBOLS = YES;
				SWIFT_APPROACHABLE_CONCURRENCY = YES;
				SWIFT_EMIT_LOC_STRINGS = YES;
				SWIFT_UPCOMING_FEATURE_MEMBER_IMPORT_VISIBILITY = YES;
				SWIFT_VERSION = 5.0;
			};
			name = Release;
		};
		5D4DEBB1301FB5EC008CFA80 /* Debug */ = {
			isa = XCBuildConfiguration;
			buildSettings = {
				ASSETCATALOG_COMPILER_APPICON_NAME = AppIcon;
				ASSETCATALOG_COMPILER_GLOBAL_ACCENT_COLOR_NAME = AccentColor;
				CODE_SIGN_STYLE = Automatic;
				CURRENT_PROJECT_VERSION = 1;
				ENABLE_APP_SANDBOX = YES;
				ENABLE_HARDENED_RUNTIME = YES;
				ENABLE_OUTGOING_NETWORK_CONNECTIONS = YES;
				ENABLE_USER_SELECTED_FILES = readonly;
				GENERATE_INFOPLIST_FILE = YES;
				INFOPLIST_FILE = "macOS (App)/Info.plist";
				INFOPLIST_KEY_CFBundleDisplayName = "Grocery Price Per Unit";
				INFOPLIST_KEY_NSMainStoryboardFile = Main;
				INFOPLIST_KEY_NSPrincipalClass = NSApplication;
				LD_RUNPATH_SEARCH_PATHS = (
					"$(inherited)",
					"@executable_path/../Frameworks",
				);
				MACOSX_DEPLOYMENT_TARGET = 10.14;
				MARKETING_VERSION = 1.0;
				OTHER_LDFLAGS = (
					"-framework",
					SafariServices,
					"-framework",
					WebKit,
				);
				PRODUCT_BUNDLE_IDENTIFIER = ca.grocerypriceperunit;
				PRODUCT_NAME = "Grocery Price Per Unit";
				REGISTER_APP_GROUPS = YES;
				SDKROOT = macosx;
				STRING_CATALOG_GENERATE_SYMBOLS = YES;
				SWIFT_APPROACHABLE_CONCURRENCY = YES;
				SWIFT_DEFAULT_ACTOR_ISOLATION = MainActor;
				SWIFT_EMIT_LOC_STRINGS = YES;
				SWIFT_UPCOMING_FEATURE_MEMBER_IMPORT_VISIBILITY = YES;
				SWIFT_VERSION = 5.0;
			};
			name = Debug;
		};
		5D4DEBB2301FB5EC008CFA80 /* Release */ = {
			isa = XCBuildConfiguration;
			buildSettings = {
				ASSETCATALOG_COMPILER_APPICON_NAME = AppIcon;
				ASSETCATALOG_COMPILER_GLOBAL_ACCENT_COLOR_NAME = AccentColor;
				CODE_SIGN_STYLE = Automatic;
				CURRENT_PROJECT_VERSION = 1;
				ENABLE_APP_SANDBOX = YES;
				ENABLE_HARDENED_RUNTIME = YES;
				ENABLE_OUTGOING_NETWORK_CONNECTIONS = YES;
				ENABLE_USER_SELECTED_FILES = readonly;
				GENERATE_INFOPLIST_FILE = YES;
				INFOPLIST_FILE = "macOS (App)/Info.plist";
				INFOPLIST_KEY_CFBundleDisplayName = "Grocery Price Per Unit";
				INFOPLIST_KEY_NSMainStoryboardFile = Main;
				INFOPLIST_KEY_NSPrincipalClass = NSApplication;
				LD_RUNPATH_SEARCH_PATHS = (
					"$(inherited)",
					"@executable_path/../Frameworks",
				);
				MACOSX_DEPLOYMENT_TARGET = 10.14;
				MARKETING_VERSION = 1.0;
				OTHER_LDFLAGS = (
					"-framework",
					SafariServices,
					"-framework",
					WebKit,
				);
				PRODUCT_BUNDLE_IDENTIFIER = ca.grocerypriceperunit;
				PRODUCT_NAME = "Grocery Price Per Unit";
				REGISTER_APP_GROUPS = YES;
				SDKROOT = macosx;
				STRING_CATALOG_GENERATE_SYMBOLS = YES;
				SWIFT_APPROACHABLE_CONCURRENCY = YES;
				SWIFT_DEFAULT_ACTOR_ISOLATION = MainActor;
				SWIFT_EMIT_LOC_STRINGS = YES;
				SWIFT_UPCOMING_FEATURE_MEMBER_IMPORT_VISIBILITY = YES;
				SWIFT_VERSION = 5.0;
			};
			name = Release;
		};
/* End XCBuildConfiguration section */

/* Begin XCConfigurationList section */
		5D4DEB57301FB5EA008CFA80 /* Build configuration list for PBXProject "Grocery Price Per Unit" */ = {
			isa = XCConfigurationList;
			buildConfigurations = (
				5D4DEBA3301FB5EC008CFA80 /* Debug */,
				5D4DEBA4301FB5EC008CFA80 /* Release */,
			);
			defaultConfigurationIsVisible = 0;
			defaultConfigurationName = Release;
		};
		5D4DEBA5301FB5EC008CFA80 /* Build configuration list for PBXNativeTarget "Grocery Price Per Unit Extension (iOS)" */ = {
			isa = XCConfigurationList;
			buildConfigurations = (
				5D4DEBA6301FB5EC008CFA80 /* Debug */,
				5D4DEBA7301FB5EC008CFA80 /* Release */,
			);
			defaultConfigurationIsVisible = 0;
			defaultConfigurationName = Release;
		};
		5D4DEBA9301FB5EC008CFA80 /* Build configuration list for PBXNativeTarget "Grocery Price Per Unit (iOS)" */ = {
			isa = XCConfigurationList;
			buildConfigurations = (
				5D4DEBAA301FB5EC008CFA80 /* Debug */,
				5D4DEBAB301FB5EC008CFA80 /* Release */,
			);
			defaultConfigurationIsVisible = 0;
			defaultConfigurationName = Release;
		};
		5D4DEBAC301FB5EC008CFA80 /* Build configuration list for PBXNativeTarget "Grocery Price Per Unit Extension (macOS)" */ = {
			isa = XCConfigurationList;
			buildConfigurations = (
				5D4DEBAD301FB5EC008CFA80 /* Debug */,
				5D4DEBAE301FB5EC008CFA80 /* Release */,
			);
			defaultConfigurationIsVisible = 0;
			defaultConfigurationName = Release;
		};
		5D4DEBB0301FB5EC008CFA80 /* Build configuration list for PBXNativeTarget "Grocery Price Per Unit (macOS)" */ = {
			isa = XCConfigurationList;
			buildConfigurations = (
				5D4DEBB1301FB5EC008CFA80 /* Debug */,
				5D4DEBB2301FB5EC008CFA80 /* Release */,
			);
			defaultConfigurationIsVisible = 0;
			defaultConfigurationName = Release;
		};
/* End XCConfigurationList section */
	};
	rootObject = 5D4DEB54301FB5EA008CFA80 /* Project object */;
}
